
Microsoft Visual Studio Solution File, Format Version 12.00
# Visual Studio Version 17
VisualStudioVersion = 17.0.32014.148
MinimumVisualStudioVersion = 10.0.40219.1
Project("{8BC9CEB8-8B4A-11D0-8D11-00A0C91BC942}") = "Project7", "Project7\Project7.vcxproj", "{780AF313-1C6B-4786-9B52-85F6C44F7CB9}"
EndProject
Global
	GlobalSection(SolutionConfigurationPlatforms) = preSolution
		Debug|x64 = Debug|x64
		Debug|x86 = Debug|x86
		Release|x64 = Release|x64
		Release|x86 = Release|x86
	EndGlobalSection
	GlobalSection(ProjectConfigurationPlatforms) = postSolution
		{780AF313-1C6B-4786-9B52-85F6C44F7CB9}.Debug|x64.ActiveCfg = Debug|x64
		{780AF313-1C6B-4786-9B52-85F6C44F7CB9}.Debug|x64.Build.0 = Debug|x64
		{780AF313-1C6B-4786-9B52-85F6C44F7CB9}.Debug|x86.ActiveCfg = Debug|Win32
		{780AF313-1C6B-4786-9B52-85F6C44F7CB9}.Debug|x86.Build.0 = Debug|Win32
		{780AF313-1C6B-4786-9B52-85F6C44F7CB9}.Release|x64.ActiveCfg = Release|x64
		{780AF313-1C6B-4786-9B52-85F6C44F7CB9}.Release|x64.Build.0 = Release|x64
		{780AF313-1C6B-4786-9B52-85F6C44F7CB9}.Release|x86.ActiveCfg = Release|Win32
		{780AF313-1C6B-4786-9B52-85F6C44F7CB9}.Release|x86.Build.0 = Release|Win32
	EndGlobalSection
	GlobalSection(SolutionProperties) = preSolution
		HideSolutionNode = FALSE
	EndGlobalSection
	GlobalSection(ExtensibilityGlobals) = postSolution
		SolutionGuid = {8B58F5D5-CB00-4FF1-BC3E-A1B81293C30F}
	EndGlobalSection
EndGlobal
